<Solution>
  <Folder Name="/Solution Items/">
    <File Path=".editorconfig" />
  </Folder>
  <Project Path="DVLD/DVLD.csproj" Id="78ceeedf-103d-445a-98ae-b39e0c0ab433" />
  <Project Path="DVLD_AccessLayer/DVLD_DataAccessLayer.csproj" Id="c96b5487-02b1-4c10-99b1-42d8cb143ff8" />
  <Project Path="DVLD_BusinessLayer/DVLD_BusinessLayer.csproj" Id="1f1ab826-4a7c-43d2-8079-02b06744392a" />
  <Project Path="DVLD_Global/DVLD_Global.csproj" Id="56e5cc16-c592-4feb-b6ea-d43c9a4a92ec" />
  <Project Path="TESTING/TESTING.csproj" Id="f3e74fcc-8d4f-4e5f-a279-5cf5b4aa3ad8" />
</Solution>
